Microsoft Visual Studio Solution File, Format Version 12.00
# Visual Studio Version 17
VisualStudioVersion = 17.5.2.0
MinimumVisualStudioVersion = 10.0.40219.1
Project("{FAE04EC0-301F-11D3-BF4B-00C04F79EFBC}") = "Mobile App - dotNET MAUI", "Mobile App - dotNET MAUI.csproj", "{3DA9A6BC-93CD-23E1-F92C-C0EBE2E8974A}"
EndProject
Global
	GlobalSection(SolutionConfigurationPlatforms) = preSolution
		Debug|Any CPU = Debug|Any CPU
		Release|Any CPU = Release|Any CPU
	EndGlobalSection
	GlobalSection(ProjectConfigurationPlatforms) = postSolution
		{3DA9A6BC-93CD-23E1-F92C-C0EBE2E8974A}.Debug|Any CPU.ActiveCfg = Debug|Any CPU
		{3DA9A6BC-93CD-23E1-F92C-C0EBE2E8974A}.Debug|Any CPU.Build.0 = Debug|Any CPU
		{3DA9A6BC-93CD-23E1-F92C-C0EBE2E8974A}.Release|Any CPU.ActiveCfg = Release|Any CPU
		{3DA9A6BC-93CD-23E1-F92C-C0EBE2E8974A}.Release|Any CPU.Build.0 = Release|Any CPU
	EndGlobalSection
	GlobalSection(SolutionProperties) = preSolution
		HideSolutionNode = FALSE
	EndGlobalSection
	GlobalSection(ExtensibilityGlobals) = postSolution
		SolutionGuid = {6C9E762A-6732-441F-991F-720FD471746E}
	EndGlobalSection
EndGlobal
